github.com/gogogo1024/headfirstgo v0.0.0-20220825041433-15d943c157e5 h1:ii2SlCXbGtcpcBZd7NfIhnRU6coreuqcq+G02A8D39A=
github.com/gogogo1024/headfirstgo v0.0.0-20220825041433-15d943c157e5/go.mod h1:tWPQrapppdg7VGdfr3VbVMde9j4xMgiUg/r/7bUkFx0=
github.com/gogogo1024/headfirstgo v0.0.0-20220826031353-befb72b38c74 h1:7VctT/aWXYqVR2y4xgjzJ3R7MODuqF4OyPzfPK5qHEA=
github.com/gogogo1024/headfirstgo v0.0.0-20220826031353-befb72b38c74/go.mod h1:tWPQrapppdg7VGdfr3VbVMde9j4xMgiUg/r/7bUkFx0=
github.com/gogogo1024/headfirstgo v0.0.0-20220826035625-5b1f6ad029e9 h1:FWZnw7CR5FGMzLw3s+NygcBYUCLdYFE3SJ6C/qpGu24=
github.com/gogogo1024/headfirstgo v0.0.0-20220826035625-5b1f6ad029e9/go.mod h1:tWPQrapppdg7VGdfr3VbVMde9j4xMgiUg/r/7bUkFx0=
